
Microsoft Visual Studio Solution File, Format Version 12.00
# Visual Studio Version 17
VisualStudioVersion = 17.11.35303.130
MinimumVisualStudioVersion = 10.0.40219.1
Project("{FAE04EC0-301F-11D3-BF4B-00C04F79EFBC}") = "Lab10_BTVN_Bai1(new)", "Lab10_BTVN_Bai1(new)\Lab10_BTVN_Bai1(new).csproj", "{4DBDFAD7-48B9-47FD-85F5-BC79A4C318D3}"
EndProject
Global
	GlobalSection(SolutionConfigurationPlatforms) = preSolution
		Debug|Any CPU = Debug|Any CPU
		Release|Any CPU = Release|Any CPU
	EndGlobalSection
	GlobalSection(ProjectConfigurationPlatforms) = postSolution
		{4DBDFAD7-48B9-47FD-85F5-BC79A4C318D3}.Debug|Any CPU.ActiveCfg = Debug|Any CPU
		{4DBDFAD7-48B9-47FD-85F5-BC79A4C318D3}.Debug|Any CPU.Build.0 = Debug|Any CPU
		{4DBDFAD7-48B9-47FD-85F5-BC79A4C318D3}.Release|Any CPU.ActiveCfg = Release|Any CPU
		{4DBDFAD7-48B9-47FD-85F5-BC79A4C318D3}.Release|Any CPU.Build.0 = Release|Any CPU
	EndGlobalSection
	GlobalSection(SolutionProperties) = preSolution
		HideSolutionNode = FALSE
	EndGlobalSection
	GlobalSection(ExtensibilityGlobals) = postSolution
		SolutionGuid = {F6687FF9-A8C4-434C-A871-B3675D76C90F}
	EndGlobalSection
EndGlobal
